
Microsoft Visual Studio Solution File, Format Version 12.00
# Visual Studio Version 17
VisualStudioVersion = 17.5.33530.505
MinimumVisualStudioVersion = 10.0.40219.1
Project("{FAE04EC0-301F-11D3-BF4B-00C04F79EFBC}") = "Ex3", "Ex3.csproj", "{69F4C765-B2B8-4C4B-972F-AFCB3BB5249C}"
EndProject
Global
	GlobalSection(SolutionConfigurationPlatforms) = preSolution
		Debug|Any CPU = Debug|Any CPU
		Release|Any CPU = Release|Any CPU
	EndGlobalSection
	GlobalSection(ProjectConfigurationPlatforms) = postSolution
		{69F4C765-B2B8-4C4B-972F-AFCB3BB5249C}.Debug|Any CPU.ActiveCfg = Debug|Any CPU
		{69F4C765-B2B8-4C4B-972F-AFCB3BB5249C}.Debug|Any CPU.Build.0 = Debug|Any CPU
		{69F4C765-B2B8-4C4B-972F-AFCB3BB5249C}.Release|Any CPU.ActiveCfg = Release|Any CPU
		{69F4C765-B2B8-4C4B-972F-AFCB3BB5249C}.Release|Any CPU.Build.0 = Release|Any CPU
	EndGlobalSection
	GlobalSection(SolutionProperties) = preSolution
		HideSolutionNode = FALSE
	EndGlobalSection
	GlobalSection(ExtensibilityGlobals) = postSolution
		SolutionGuid = {EC663C2D-9AEE-4029-A5D6-BDBFB6A892BE}
	EndGlobalSection
EndGlobal
